
Microsoft Visual Studio Solution File, Format Version 12.00
# Visual Studio Version 17
VisualStudioVersion = 17.8.34212.112
MinimumVisualStudioVersion = 10.0.40219.1
Project("{9A19103F-16F7-4668-BE54-9A1E7A4F7556}") = "BlazorApp11", "BlazorApp11\BlazorApp11.csproj", "{BF832C39-3C78-43D2-BD39-801DE4AA3F6B}"
EndProject
Project("{9A19103F-16F7-4668-BE54-9A1E7A4F7556}") = "BlazorCrud", "BlazorCrud\BlazorCrud\BlazorCrud.csproj", "{C66B2E69-11C5-4EB0-A1C2-5FBA0F8A3347}"
EndProject
Project("{9A19103F-16F7-4668-BE54-9A1E7A4F7556}") = "BlazorCrud.Client", "BlazorCrud\BlazorCrud.Client\BlazorCrud.Client.csproj", "{CFAC5057-D281-4D9C-B030-854A76EA809B}"
EndProject
Global
	GlobalSection(SolutionConfigurationPlatforms) = preSolution
		Debug|Any CPU = Debug|Any CPU
		Release|Any CPU = Release|Any CPU
	EndGlobalSection
	GlobalSection(ProjectConfigurationPlatforms) = postSolution
		{BF832C39-3C78-43D2-BD39-801DE4AA3F6B}.Debug|Any CPU.ActiveCfg = Debug|Any CPU
		{BF832C39-3C78-43D2-BD39-801DE4AA3F6B}.Debug|Any CPU.Build.0 = Debug|Any CPU
		{BF832C39-3C78-43D2-BD39-801DE4AA3F6B}.Release|Any CPU.ActiveCfg = Release|Any CPU
		{BF832C39-3C78-43D2-BD39-801DE4AA3F6B}.Release|Any CPU.Build.0 = Release|Any CPU
		{C66B2E69-11C5-4EB0-A1C2-5FBA0F8A3347}.Debug|Any CPU.ActiveCfg = Debug|Any CPU
		{C66B2E69-11C5-4EB0-A1C2-5FBA0F8A3347}.Debug|Any CPU.Build.0 = Debug|Any CPU
		{C66B2E69-11C5-4EB0-A1C2-5FBA0F8A3347}.Release|Any CPU.ActiveCfg = Release|Any CPU
		{C66B2E69-11C5-4EB0-A1C2-5FBA0F8A3347}.Release|Any CPU.Build.0 = Release|Any CPU
		{CFAC5057-D281-4D9C-B030-854A76EA809B}.Debug|Any CPU.ActiveCfg = Debug|Any CPU
		{CFAC5057-D281-4D9C-B030-854A76EA809B}.Debug|Any CPU.Build.0 = Debug|Any CPU
		{CFAC5057-D281-4D9C-B030-854A76EA809B}.Release|Any CPU.ActiveCfg = Release|Any CPU
		{CFAC5057-D281-4D9C-B030-854A76EA809B}.Release|Any CPU.Build.0 = Release|Any CPU
	EndGlobalSection
	GlobalSection(SolutionProperties) = preSolution
		HideSolutionNode = FALSE
	EndGlobalSection
	GlobalSection(ExtensibilityGlobals) = postSolution
		SolutionGuid = {54295163-D424-4FEA-A1C8-BB98AA735341}
	EndGlobalSection
EndGlobal
